
Microsoft Visual Studio Solution File, Format Version 12.00
# Visual Studio Version 16
VisualStudioVersion = 16.0.31727.386
MinimumVisualStudioVersion = 10.0.40219.1
Project("{FAE04EC0-301F-11D3-BF4B-00C04F79EFBC}") = "WebFormExample", "WebFormExample\WebFormExample.csproj", "{14D41FD5-D5C8-4753-96C5-5FFDAC4427A1}"
EndProject
Global
	GlobalSection(SolutionConfigurationPlatforms) = preSolution
		Debug|Any CPU = Debug|Any CPU
		Release|Any CPU = Release|Any CPU
	EndGlobalSection
	GlobalSection(ProjectConfigurationPlatforms) = postSolution
		{14D41FD5-D5C8-4753-96C5-5FFDAC4427A1}.Debug|Any CPU.ActiveCfg = Debug|Any CPU
		{14D41FD5-D5C8-4753-96C5-5FFDAC4427A1}.Debug|Any CPU.Build.0 = Debug|Any CPU
		{14D41FD5-D5C8-4753-96C5-5FFDAC4427A1}.Release|Any CPU.ActiveCfg = Release|Any CPU
		{14D41FD5-D5C8-4753-96C5-5FFDAC4427A1}.Release|Any CPU.Build.0 = Release|Any CPU
	EndGlobalSection
	GlobalSection(SolutionProperties) = preSolution
		HideSolutionNode = FALSE
	EndGlobalSection
	GlobalSection(ExtensibilityGlobals) = postSolution
		SolutionGuid = {3AFF2F31-C5F9-4FFC-8C10-C18C2CCAB567}
	EndGlobalSection
EndGlobal
